
Microsoft Visual Studio Solution File, Format Version 12.00
# Visual Studio 15
VisualStudioVersion = 15.0.28307.705
MinimumVisualStudioVersion = 10.0.40219.1
Project("{FAE04EC0-301F-11D3-BF4B-00C04F79EFBC}") = "Task-1", "Task-1\Task-1.csproj", "{F7698025-1732-4EB8-94D0-BBCADD36D30B}"
EndProject
Project("{FAE04EC0-301F-11D3-BF4B-00C04F79EFBC}") = "Task-2", "Task-2\Task-2.csproj", "{B3A9C5A0-965E-48BF-ABCC-3A002002C3EA}"
EndProject
Project("{FAE04EC0-301F-11D3-BF4B-00C04F79EFBC}") = "Task-3", "Task-3\Task-3.csproj", "{4A7B1B7C-778E-4352-9EF7-152F2F8293D2}"
EndProject
Project("{FAE04EC0-301F-11D3-BF4B-00C04F79EFBC}") = "Task-4", "Task-4\Task-4.csproj", "{76439C83-9FA1-4BE1-BA3E-4B7EA6FAD39A}"
EndProject
Project("{FAE04EC0-301F-11D3-BF4B-00C04F79EFBC}") = "Task-5", "Task-5\Task-5.csproj", "{C50C9142-5007-4893-ACB0-D576E8A87CCB}"
EndProject
Project("{FAE04EC0-301F-11D3-BF4B-00C04F79EFBC}") = "Common", "Common\Common.csproj", "{55535D96-1A4E-4A10-B6D5-1AC3718560D9}"
EndProject
Global
	GlobalSection(SolutionConfigurationPlatforms) = preSolution
		Debug|Any CPU = Debug|Any CPU
		Release|Any CPU = Release|Any CPU
	EndGlobalSection
	GlobalSection(ProjectConfigurationPlatforms) = postSolution
		{F7698025-1732-4EB8-94D0-BBCADD36D30B}.Debug|Any CPU.ActiveCfg = Debug|Any CPU
		{F7698025-1732-4EB8-94D0-BBCADD36D30B}.Debug|Any CPU.Build.0 = Debug|Any CPU
		{F7698025-1732-4EB8-94D0-BBCADD36D30B}.Release|Any CPU.ActiveCfg = Release|Any CPU
		{F7698025-1732-4EB8-94D0-BBCADD36D30B}.Release|Any CPU.Build.0 = Release|Any CPU
		{B3A9C5A0-965E-48BF-ABCC-3A002002C3EA}.Debug|Any CPU.ActiveCfg = Debug|Any CPU
		{B3A9C5A0-965E-48BF-ABCC-3A002002C3EA}.Debug|Any CPU.Build.0 = Debug|Any CPU
		{B3A9C5A0-965E-48BF-ABCC-3A002002C3EA}.Release|Any CPU.ActiveCfg = Release|Any CPU
		{B3A9C5A0-965E-48BF-ABCC-3A002002C3EA}.Release|Any CPU.Build.0 = Release|Any CPU
		{4A7B1B7C-778E-4352-9EF7-152F2F8293D2}.Debug|Any CPU.ActiveCfg = Debug|Any CPU
		{4A7B1B7C-778E-4352-9EF7-152F2F8293D2}.Debug|Any CPU.Build.0 = Debug|Any CPU
		{4A7B1B7C-778E-4352-9EF7-152F2F8293D2}.Release|Any CPU.ActiveCfg = Release|Any CPU
		{4A7B1B7C-778E-4352-9EF7-152F2F8293D2}.Release|Any CPU.Build.0 = Release|Any CPU
		{76439C83-9FA1-4BE1-BA3E-4B7EA6FAD39A}.Debug|Any CPU.ActiveCfg = Debug|Any CPU
		{76439C83-9FA1-4BE1-BA3E-4B7EA6FAD39A}.Debug|Any CPU.Build.0 = Debug|Any CPU
		{76439C83-9FA1-4BE1-BA3E-4B7EA6FAD39A}.Release|Any CPU.ActiveCfg = Release|Any CPU
		{76439C83-9FA1-4BE1-BA3E-4B7EA6FAD39A}.Release|Any CPU.Build.0 = Release|Any CPU
		{C50C9142-5007-4893-ACB0-D576E8A87CCB}.Debug|Any CPU.ActiveCfg = Debug|Any CPU
		{C50C9142-5007-4893-ACB0-D576E8A87CCB}.Debug|Any CPU.Build.0 = Debug|Any CPU
		{C50C9142-5007-4893-ACB0-D576E8A87CCB}.Release|Any CPU.ActiveCfg = Release|Any CPU
		{C50C9142-5007-4893-ACB0-D576E8A87CCB}.Release|Any CPU.Build.0 = Release|Any CPU
		{55535D96-1A4E-4A10-B6D5-1AC3718560D9}.Debug|Any CPU.ActiveCfg = Debug|Any CPU
		{55535D96-1A4E-4A10-B6D5-1AC3718560D9}.Debug|Any CPU.Build.0 = Debug|Any CPU
		{55535D96-1A4E-4A10-B6D5-1AC3718560D9}.Release|Any CPU.ActiveCfg = Release|Any CPU
		{55535D96-1A4E-4A10-B6D5-1AC3718560D9}.Release|Any CPU.Build.0 = Release|Any CPU
	EndGlobalSection
	GlobalSection(SolutionProperties) = preSolution
		HideSolutionNode = FALSE
	EndGlobalSection
	GlobalSection(ExtensibilityGlobals) = postSolution
		SolutionGuid = {5648ED07-C015-43F1-932B-AFCDEF605666}
	EndGlobalSection
EndGlobal
