
Microsoft Visual Studio Solution File, Format Version 12.00
# Visual Studio 15
VisualStudioVersion = 15.0.28307.705
MinimumVisualStudioVersion = 10.0.40219.1
Project("{FAE04EC0-301F-11D3-BF4B-00C04F79EFBC}") = "HomeWork_1", "HomeWork_1\HomeWork_1.csproj", "{6F79BF4B-070F-4CB7-8FD8-B2A61C220E61}"
EndProject
Project("{FAE04EC0-301F-11D3-BF4B-00C04F79EFBC}") = "RunHomeWorks", "RunHomeWorks\RunHomeWorks.csproj", "{13757172-8529-4037-A2BF-B771FCA87278}"
EndProject
Project("{FAE04EC0-301F-11D3-BF4B-00C04F79EFBC}") = "HomeWork_2", "HomeWork_2\HomeWork_2.csproj", "{EE170E4B-9B79-4E49-8DCA-6E33E043B636}"
EndProject
Project("{FAE04EC0-301F-11D3-BF4B-00C04F79EFBC}") = "UnitTestHomeWork_1", "UnitTestHomeWork_1\UnitTestHomeWork_1.csproj", "{5AF2D6CA-C96E-462D-8CE1-AD7624B1F7B4}"
EndProject
Global
	GlobalSection(SolutionConfigurationPlatforms) = preSolution
		Debug|Any CPU = Debug|Any CPU
		Release|Any CPU = Release|Any CPU
	EndGlobalSection
	GlobalSection(ProjectConfigurationPlatforms) = postSolution
		{6F79BF4B-070F-4CB7-8FD8-B2A61C220E61}.Debug|Any CPU.ActiveCfg = Debug|Any CPU
		{6F79BF4B-070F-4CB7-8FD8-B2A61C220E61}.Debug|Any CPU.Build.0 = Debug|Any CPU
		{6F79BF4B-070F-4CB7-8FD8-B2A61C220E61}.Release|Any CPU.ActiveCfg = Release|Any CPU
		{6F79BF4B-070F-4CB7-8FD8-B2A61C220E61}.Release|Any CPU.Build.0 = Release|Any CPU
		{13757172-8529-4037-A2BF-B771FCA87278}.Debug|Any CPU.ActiveCfg = Debug|Any CPU
		{13757172-8529-4037-A2BF-B771FCA87278}.Debug|Any CPU.Build.0 = Debug|Any CPU
		{13757172-8529-4037-A2BF-B771FCA87278}.Release|Any CPU.ActiveCfg = Release|Any CPU
		{13757172-8529-4037-A2BF-B771FCA87278}.Release|Any CPU.Build.0 = Release|Any CPU
		{EE170E4B-9B79-4E49-8DCA-6E33E043B636}.Debug|Any CPU.ActiveCfg = Debug|Any CPU
		{EE170E4B-9B79-4E49-8DCA-6E33E043B636}.Debug|Any CPU.Build.0 = Debug|Any CPU
		{EE170E4B-9B79-4E49-8DCA-6E33E043B636}.Release|Any CPU.ActiveCfg = Release|Any CPU
		{EE170E4B-9B79-4E49-8DCA-6E33E043B636}.Release|Any CPU.Build.0 = Release|Any CPU
		{5AF2D6CA-C96E-462D-8CE1-AD7624B1F7B4}.Debug|Any CPU.ActiveCfg = Debug|Any CPU
		{5AF2D6CA-C96E-462D-8CE1-AD7624B1F7B4}.Debug|Any CPU.Build.0 = Debug|Any CPU
		{5AF2D6CA-C96E-462D-8CE1-AD7624B1F7B4}.Release|Any CPU.ActiveCfg = Release|Any CPU
		{5AF2D6CA-C96E-462D-8CE1-AD7624B1F7B4}.Release|Any CPU.Build.0 = Release|Any CPU
	EndGlobalSection
	GlobalSection(SolutionProperties) = preSolution
		HideSolutionNode = FALSE
	EndGlobalSection
	GlobalSection(ExtensibilityGlobals) = postSolution
		SolutionGuid = {0072A6B2-D946-43B1-91AD-23D673E6061D}
	EndGlobalSection
EndGlobal
